
Microsoft Visual Studio Solution File, Format Version 12.00
# Visual Studio 2013
VisualStudioVersion = 12.0.21005.1
MinimumVisualStudioVersion = 10.0.40219.1
Project("{FAE04EC0-301F-11D3-BF4B-00C04F79EFBC}") = "Common", "Common\Common.csproj", "{8D25C045-468E-4800-A043-71C4F0C32B6A}"
EndProject
Project("{FAE04EC0-301F-11D3-BF4B-00C04F79EFBC}") = "Entity", "Entity\Entity.csproj", "{2FD96E87-48AC-4573-913A-5384EF0029C3}"
EndProject
Project("{FAE04EC0-301F-11D3-BF4B-00C04F79EFBC}") = "Repository", "Repository\Repository.csproj", "{AB4CE533-911F-4BFA-9DED-5AEB96B9A9F9}"
EndProject
Project("{FAE04EC0-301F-11D3-BF4B-00C04F79EFBC}") = "Web.Common", "Web.Common\Web.Common.csproj", "{2E8699BA-C80B-4EB1-A888-3E689198B1EC}"
EndProject
Project("{FAE04EC0-301F-11D3-BF4B-00C04F79EFBC}") = "Web.Admin", "Web.Admin\Web.Admin.csproj", "{D457DDCD-9CCB-49AC-99F6-D92D578DA51F}"
EndProject
Project("{FAE04EC0-301F-11D3-BF4B-00C04F79EFBC}") = "Web.Admin.Tests", "Web.Admin.Tests\Web.Admin.Tests.csproj", "{0EF8CCE9-4DD5-4B0A-8763-9BC123851AA0}"
EndProject
Project("{FAE04EC0-301F-11D3-BF4B-00C04F79EFBC}") = "Web.PlatForms", "Web.PlatForms\Web.PlatForms.csproj", "{5555AFE5-61CE-429D-AC29-E512C962EDD4}"
EndProject
Project("{FAE04EC0-301F-11D3-BF4B-00C04F79EFBC}") = "Web.PlatForms.Tests", "Web.PlatForms.Tests\Web.PlatForms.Tests.csproj", "{C3E30E2F-0DDA-44F5-8B51-DC4164486D04}"
EndProject
Project("{FAE04EC0-301F-11D3-BF4B-00C04F79EFBC}") = "Service", "Service\Service.csproj", "{E13C03B4-C83D-4DC8-9C5D-7F48A4DB2A6A}"
EndProject
Global
	GlobalSection(SolutionConfigurationPlatforms) = preSolution
		Debug|Any CPU = Debug|Any CPU
		Release|Any CPU = Release|Any CPU
	EndGlobalSection
	GlobalSection(ProjectConfigurationPlatforms) = postSolution
		{8D25C045-468E-4800-A043-71C4F0C32B6A}.Debug|Any CPU.ActiveCfg = Debug|Any CPU
		{8D25C045-468E-4800-A043-71C4F0C32B6A}.Debug|Any CPU.Build.0 = Debug|Any CPU
		{8D25C045-468E-4800-A043-71C4F0C32B6A}.Release|Any CPU.ActiveCfg = Release|Any CPU
		{8D25C045-468E-4800-A043-71C4F0C32B6A}.Release|Any CPU.Build.0 = Release|Any CPU
		{2FD96E87-48AC-4573-913A-5384EF0029C3}.Debug|Any CPU.ActiveCfg = Debug|Any CPU
		{2FD96E87-48AC-4573-913A-5384EF0029C3}.Debug|Any CPU.Build.0 = Debug|Any CPU
		{2FD96E87-48AC-4573-913A-5384EF0029C3}.Release|Any CPU.ActiveCfg = Release|Any CPU
		{2FD96E87-48AC-4573-913A-5384EF0029C3}.Release|Any CPU.Build.0 = Release|Any CPU
		{AB4CE533-911F-4BFA-9DED-5AEB96B9A9F9}.Debug|Any CPU.ActiveCfg = Debug|Any CPU
		{AB4CE533-911F-4BFA-9DED-5AEB96B9A9F9}.Debug|Any CPU.Build.0 = Debug|Any CPU
		{AB4CE533-911F-4BFA-9DED-5AEB96B9A9F9}.Release|Any CPU.ActiveCfg = Release|Any CPU
		{AB4CE533-911F-4BFA-9DED-5AEB96B9A9F9}.Release|Any CPU.Build.0 = Release|Any CPU
		{2E8699BA-C80B-4EB1-A888-3E689198B1EC}.Debug|Any CPU.ActiveCfg = Debug|Any CPU
		{2E8699BA-C80B-4EB1-A888-3E689198B1EC}.Debug|Any CPU.Build.0 = Debug|Any CPU
		{2E8699BA-C80B-4EB1-A888-3E689198B1EC}.Release|Any CPU.ActiveCfg = Release|Any CPU
		{2E8699BA-C80B-4EB1-A888-3E689198B1EC}.Release|Any CPU.Build.0 = Release|Any CPU
		{D457DDCD-9CCB-49AC-99F6-D92D578DA51F}.Debug|Any CPU.ActiveCfg = Debug|Any CPU
		{D457DDCD-9CCB-49AC-99F6-D92D578DA51F}.Debug|Any CPU.Build.0 = Debug|Any CPU
		{D457DDCD-9CCB-49AC-99F6-D92D578DA51F}.Release|Any CPU.ActiveCfg = Release|Any CPU
		{D457DDCD-9CCB-49AC-99F6-D92D578DA51F}.Release|Any CPU.Build.0 = Release|Any CPU
		{0EF8CCE9-4DD5-4B0A-8763-9BC123851AA0}.Debug|Any CPU.ActiveCfg = Debug|Any CPU
		{0EF8CCE9-4DD5-4B0A-8763-9BC123851AA0}.Debug|Any CPU.Build.0 = Debug|Any CPU
		{0EF8CCE9-4DD5-4B0A-8763-9BC123851AA0}.Release|Any CPU.ActiveCfg = Release|Any CPU
		{0EF8CCE9-4DD5-4B0A-8763-9BC123851AA0}.Release|Any CPU.Build.0 = Release|Any CPU
		{5555AFE5-61CE-429D-AC29-E512C962EDD4}.Debug|Any CPU.ActiveCfg = Debug|Any CPU
		{5555AFE5-61CE-429D-AC29-E512C962EDD4}.Debug|Any CPU.Build.0 = Debug|Any CPU
		{5555AFE5-61CE-429D-AC29-E512C962EDD4}.Release|Any CPU.ActiveCfg = Release|Any CPU
		{5555AFE5-61CE-429D-AC29-E512C962EDD4}.Release|Any CPU.Build.0 = Release|Any CPU
		{C3E30E2F-0DDA-44F5-8B51-DC4164486D04}.Debug|Any CPU.ActiveCfg = Debug|Any CPU
		{C3E30E2F-0DDA-44F5-8B51-DC4164486D04}.Debug|Any CPU.Build.0 = Debug|Any CPU
		{C3E30E2F-0DDA-44F5-8B51-DC4164486D04}.Release|Any CPU.ActiveCfg = Release|Any CPU
		{C3E30E2F-0DDA-44F5-8B51-DC4164486D04}.Release|Any CPU.Build.0 = Release|Any CPU
		{E13C03B4-C83D-4DC8-9C5D-7F48A4DB2A6A}.Debug|Any CPU.ActiveCfg = Debug|Any CPU
		{E13C03B4-C83D-4DC8-9C5D-7F48A4DB2A6A}.Debug|Any CPU.Build.0 = Debug|Any CPU
		{E13C03B4-C83D-4DC8-9C5D-7F48A4DB2A6A}.Release|Any CPU.ActiveCfg = Release|Any CPU
		{E13C03B4-C83D-4DC8-9C5D-7F48A4DB2A6A}.Release|Any CPU.Build.0 = Release|Any CPU
	EndGlobalSection
	GlobalSection(SolutionProperties) = preSolution
		HideSolutionNode = FALSE
	EndGlobalSection
EndGlobal
